
Microsoft Visual Studio Solution File, Format Version 12.00
# Visual Studio Version 17
VisualStudioVersion = 17.1.32210.238
MinimumVisualStudioVersion = 10.0.40219.1
Project("{9A19103F-16F7-4668-BE54-9A1E7A4F7556}") = "BlazorOperation", "BlazorOperation\BlazorOperation.csproj", "{98461D7D-8321-4724-AFF4-C25D2DAA838E}"
EndProject
Project("{9A19103F-16F7-4668-BE54-9A1E7A4F7556}") = "BlazorOperationClient", "BlazorOperationClient\BlazorOperationClient.csproj", "{22318242-477C-4548-82B2-B2FF7FEA5425}"
EndProject
Project("{FAE04EC0-301F-11D3-BF4B-00C04F79EFBC}") = "BlazorOperationModel", "BlazorOperationModel\BlazorOperationModel.csproj", "{FEA88BC6-B9F3-4201-AD18-FC72F32106BE}"
EndProject
Global
	GlobalSection(SolutionConfigurationPlatforms) = preSolution
		Debug|Any CPU = Debug|Any CPU
		Release|Any CPU = Release|Any CPU
	EndGlobalSection
	GlobalSection(ProjectConfigurationPlatforms) = postSolution
		{98461D7D-8321-4724-AFF4-C25D2DAA838E}.Debug|Any CPU.ActiveCfg = Debug|Any CPU
		{98461D7D-8321-4724-AFF4-C25D2DAA838E}.Debug|Any CPU.Build.0 = Debug|Any CPU
		{98461D7D-8321-4724-AFF4-C25D2DAA838E}.Release|Any CPU.ActiveCfg = Release|Any CPU
		{98461D7D-8321-4724-AFF4-C25D2DAA838E}.Release|Any CPU.Build.0 = Release|Any CPU
		{22318242-477C-4548-82B2-B2FF7FEA5425}.Debug|Any CPU.ActiveCfg = Debug|Any CPU
		{22318242-477C-4548-82B2-B2FF7FEA5425}.Debug|Any CPU.Build.0 = Debug|Any CPU
		{22318242-477C-4548-82B2-B2FF7FEA5425}.Release|Any CPU.ActiveCfg = Release|Any CPU
		{22318242-477C-4548-82B2-B2FF7FEA5425}.Release|Any CPU.Build.0 = Release|Any CPU
		{FEA88BC6-B9F3-4201-AD18-FC72F32106BE}.Debug|Any CPU.ActiveCfg = Debug|Any CPU
		{FEA88BC6-B9F3-4201-AD18-FC72F32106BE}.Debug|Any CPU.Build.0 = Debug|Any CPU
		{FEA88BC6-B9F3-4201-AD18-FC72F32106BE}.Release|Any CPU.ActiveCfg = Release|Any CPU
		{FEA88BC6-B9F3-4201-AD18-FC72F32106BE}.Release|Any CPU.Build.0 = Release|Any CPU
	EndGlobalSection
	GlobalSection(SolutionProperties) = preSolution
		HideSolutionNode = FALSE
	EndGlobalSection
	GlobalSection(ExtensibilityGlobals) = postSolution
		SolutionGuid = {C924AEB5-A8AC-40BD-929F-5BCD7E89AA42}
	EndGlobalSection
EndGlobal
